
Microsoft Visual Studio Solution File, Format Version 12.00
# Visual Studio Version 17
VisualStudioVersion = 17.8.34309.116
MinimumVisualStudioVersion = 10.0.40219.1
Project("{FAE04EC0-301F-11D3-BF4B-00C04F79EFBC}") = "mygame", "mygame\mygame.csproj", "{E44CAB7E-40F6-4D88-B6C3-E1EBFD911DB3}"
EndProject
Global
	GlobalSection(SolutionConfigurationPlatforms) = preSolution
		Debug|Any CPU = Debug|Any CPU
		Release|Any CPU = Release|Any CPU
	EndGlobalSection
	GlobalSection(ProjectConfigurationPlatforms) = postSolution
		{E44CAB7E-40F6-4D88-B6C3-E1EBFD911DB3}.Debug|Any CPU.ActiveCfg = Debug|Any CPU
		{E44CAB7E-40F6-4D88-B6C3-E1EBFD911DB3}.Debug|Any CPU.Build.0 = Debug|Any CPU
		{E44CAB7E-40F6-4D88-B6C3-E1EBFD911DB3}.Release|Any CPU.ActiveCfg = Release|Any CPU
		{E44CAB7E-40F6-4D88-B6C3-E1EBFD911DB3}.Release|Any CPU.Build.0 = Release|Any CPU
	EndGlobalSection
	GlobalSection(SolutionProperties) = preSolution
		HideSolutionNode = FALSE
	EndGlobalSection
	GlobalSection(ExtensibilityGlobals) = postSolution
		SolutionGuid = {95121E21-8C75-41F1-82B6-50108D93355F}
	EndGlobalSection
EndGlobal
